<?xml version="1.0" encoding="utf-8"?>
<Project ToolsVersion="4.0" xmlns="http://schemas.microsoft.com/developer/msbuild/2003">
  <ItemGroup>
    <Filter Include="core">
      <UniqueIdentifier>{4E40957C-3A77-960D-E363-7C10CF79120F}</UniqueIdentifier>
    </Filter>
    <Filter Include="interface">
      <UniqueIdentifier>{966DB512-02D8-6989-4B16-1B2FB7BF47DE}</UniqueIdentifier>
    </Filter>
    <Filter Include="utilities">
      <UniqueIdentifier>{212A0ED3-8D94-C249-D6D2-73EF427CA09E}</UniqueIdentifier>
    </Filter>
  </ItemGroup>
  <ItemGroup>
    <ClInclude Include="graphics\core\Device.hpp">
      <Filter>core</Filter>
    </ClInclude>
    <ClInclude Include="graphics\interface\GraphicsInterface.hpp">
      <Filter>interface</Filter>
    </ClInclude>
    <ClInclude Include="graphics\utilities\Logger.hpp">
      <Filter>utilities</Filter>
    </ClInclude>
  </ItemGroup>
  <ItemGroup>
    <ClCompile Include="graphics\core\Device.cpp">
      <Filter>core</Filter>
    </ClCompile>
    <ClCompile Include="graphics\interface\GraphicsInterface.cpp">
      <Filter>interface</Filter>
    </ClCompile>
  </ItemGroup>
</Project>