
Microsoft Visual Studio Solution File, Format Version 12.00
# Visual Studio Version 17
Project("{8BC9CEB8-8B4A-11D0-8D11-00A0C91BC942}") = "Editor", "Editor.vcxproj", "{8C1A20B0-78BC-4A86-6177-5EDA4DB8D1D6}"
EndProject
Project("{8BC9CEB8-8B4A-11D0-8D11-00A0C91BC942}") = "Core", "Core.vcxproj", "{2EB4837C-1AEB-840D-C3D7-6A10AFED000F}"
EndProject
Project("{8BC9CEB8-8B4A-11D0-8D11-00A0C91BC942}") = "Graphics", "Graphics.vcxproj", "{1653CE33-0220-293F-2B39-17E717655ECD}"
EndProject
Project("{2150E333-8FDC-42A3-9474-1A3956D46DE8}") = "libs", "libs", "{1600DA5D-02B8-1BAB-6BBF-F4065796B69B}"
EndProject
Project("{8BC9CEB8-8B4A-11D0-8D11-00A0C91BC942}") = "GLFW", "GLFW.vcxproj", "{154B857C-0182-860D-AA6E-6C109684020F}"
EndProject
Project("{8BC9CEB8-8B4A-11D0-8D11-00A0C91BC942}") = "spdLog", "spdLog.vcxproj", "{6E25431C-5AC7-6DF2-4382-81462FC3F442}"
EndProject
Global
	GlobalSection(SolutionConfigurationPlatforms) = preSolution
		Debug|Win32 = Debug|Win32
		Release|Win32 = Release|Win32
	EndGlobalSection
	GlobalSection(ProjectConfigurationPlatforms) = postSolution
		{8C1A20B0-78BC-4A86-6177-5EDA4DB8D1D6}.Debug|Win32.ActiveCfg = Debug|Win32
		{8C1A20B0-78BC-4A86-6177-5EDA4DB8D1D6}.Debug|Win32.Build.0 = Debug|Win32
		{8C1A20B0-78BC-4A86-6177-5EDA4DB8D1D6}.Release|Win32.ActiveCfg = Release|Win32
		{8C1A20B0-78BC-4A86-6177-5EDA4DB8D1D6}.Release|Win32.Build.0 = Release|Win32
		{2EB4837C-1AEB-840D-C3D7-6A10AFED000F}.Debug|Win32.ActiveCfg = Debug|Win32
		{2EB4837C-1AEB-840D-C3D7-6A10AFED000F}.Debug|Win32.Build.0 = Debug|Win32
		{2EB4837C-1AEB-840D-C3D7-6A10AFED000F}.Release|Win32.ActiveCfg = Release|Win32
		{2EB4837C-1AEB-840D-C3D7-6A10AFED000F}.Release|Win32.Build.0 = Release|Win32
		{1653CE33-0220-293F-2B39-17E717655ECD}.Debug|Win32.ActiveCfg = Debug|Win32
		{1653CE33-0220-293F-2B39-17E717655ECD}.Debug|Win32.Build.0 = Debug|Win32
		{1653CE33-0220-293F-2B39-17E717655ECD}.Release|Win32.ActiveCfg = Release|Win32
		{1653CE33-0220-293F-2B39-17E717655ECD}.Release|Win32.Build.0 = Release|Win32
		{154B857C-0182-860D-AA6E-6C109684020F}.Debug|Win32.ActiveCfg = Debug|Win32
		{154B857C-0182-860D-AA6E-6C109684020F}.Debug|Win32.Build.0 = Debug|Win32
		{154B857C-0182-860D-AA6E-6C109684020F}.Release|Win32.ActiveCfg = Release|Win32
		{154B857C-0182-860D-AA6E-6C109684020F}.Release|Win32.Build.0 = Release|Win32
		{6E25431C-5AC7-6DF2-4382-81462FC3F442}.Debug|Win32.ActiveCfg = Debug|Win32
		{6E25431C-5AC7-6DF2-4382-81462FC3F442}.Debug|Win32.Build.0 = Debug|Win32
		{6E25431C-5AC7-6DF2-4382-81462FC3F442}.Release|Win32.ActiveCfg = Release|Win32
		{6E25431C-5AC7-6DF2-4382-81462FC3F442}.Release|Win32.Build.0 = Release|Win32
	EndGlobalSection
	GlobalSection(SolutionProperties) = preSolution
		HideSolutionNode = FALSE
	EndGlobalSection
	GlobalSection(NestedProjects) = preSolution
		{154B857C-0182-860D-AA6E-6C109684020F} = {1600DA5D-02B8-1BAB-6BBF-F4065796B69B}
		{6E25431C-5AC7-6DF2-4382-81462FC3F442} = {1600DA5D-02B8-1BAB-6BBF-F4065796B69B}
	EndGlobalSection
EndGlobal
